{
  "originHash" : "94cfa7cb9576620f0d941ffbc64b4c449818772692ded5e6192448d2e94cdb7e",
  "pins" : [
    {
      "identity" : "firebase-ios-sdk-xcframeworks",
      "kind" : "remoteSourceControl",
      "location" : "https://github.com/akaffenberger/firebase-ios-sdk-xcframeworks",
      "state" : {
        "revision" : "2a8e847ee614a92b6b5d819aaa4c9a58b331461e",
        "version" : "12.12.0"
      }
    }
  ],
  "version" : 3
}
